
Microsoft Visual Studio Solution File, Format Version 12.00
# Visual Studio 14
VisualStudioVersion = 14.0.25123.0
MinimumVisualStudioVersion = 10.0.40219.1
Project("{8BC9CEB8-8B4A-11D0-8D11-00A0C91BC942}") = "1-HelloAIE", "1-HelloAIE\1-HelloAIE.vcxproj", "{DD3DE84E-B743-4140-B111-135B3544DDC4}"
EndProject
Project("{8BC9CEB8-8B4A-11D0-8D11-00A0C91BC942}") = "2-Variables", "2-Variables\2-Variables.vcxproj", "{E51E3CC6-F9CF-4203-93D0-F0E14D1947E2}"
EndProject
Project("{8BC9CEB8-8B4A-11D0-8D11-00A0C91BC942}") = "3-Booleans", "Booleans\Booleans.vcxproj", "{7DBD8397-323E-4E7E-8C92-B3084AB73B7A}"
EndProject
Project("{8BC9CEB8-8B4A-11D0-8D11-00A0C91BC942}") = "4-Functions", "4-Functions\4-Functions.vcxproj", "{D0CAB34E-8D28-4BC3-B426-F3D0A88FDF2B}"
EndProject
Project("{8BC9CEB8-8B4A-11D0-8D11-00A0C91BC942}") = "5-MultiFileProjects", "5-MultiFileProjects\5-MultiFileProjects.vcxproj", "{022F9A0E-BD69-46D4-9370-88A6F8A86C30}"
EndProject
Project("{8BC9CEB8-8B4A-11D0-8D11-00A0C91BC942}") = "6-Loops", "6-Loops\6-Loops.vcxproj", "{DA2E1262-416A-4073-B51C-37839F040223}"
EndProject
Project("{8BC9CEB8-8B4A-11D0-8D11-00A0C91BC942}") = "7-Arrays", "7-Arrays\7-Arrays.vcxproj", "{A612B7C2-2367-4F7A-B345-EA012A74463F}"
EndProject
Project("{8BC9CEB8-8B4A-11D0-8D11-00A0C91BC942}") = "8-Structs", "8-Structs\8-Structs.vcxproj", "{0E648C7C-7523-486B-92BF-4B8B33ABB54C}"
EndProject
Project("{8BC9CEB8-8B4A-11D0-8D11-00A0C91BC942}") = "Lotto_of_Fun", "Lotto_of_Fun\Lotto_of_Fun.vcxproj", "{6ECDF767-3530-415F-B3E4-25F9361A1130}"
EndProject
Project("{8BC9CEB8-8B4A-11D0-8D11-00A0C91BC942}") = "Of_Dreams_and_Nightmares", "Of_Dreams_and_Nightmares\Of_Dreams_and_Nightmares.vcxproj", "{511B527F-1856-499D-B602-A9AA7D0CFD3A}"
EndProject
Global
	GlobalSection(SolutionConfigurationPlatforms) = preSolution
		Debug|x64 = Debug|x64
		Debug|x86 = Debug|x86
		Release|x64 = Release|x64
		Release|x86 = Release|x86
	EndGlobalSection
	GlobalSection(ProjectConfigurationPlatforms) = postSolution
		{DD3DE84E-B743-4140-B111-135B3544DDC4}.Debug|x64.ActiveCfg = Debug|x64
		{DD3DE84E-B743-4140-B111-135B3544DDC4}.Debug|x64.Build.0 = Debug|x64
		{DD3DE84E-B743-4140-B111-135B3544DDC4}.Debug|x86.ActiveCfg = Debug|Win32
		{DD3DE84E-B743-4140-B111-135B3544DDC4}.Debug|x86.Build.0 = Debug|Win32
		{DD3DE84E-B743-4140-B111-135B3544DDC4}.Release|x64.ActiveCfg = Release|x64
		{DD3DE84E-B743-4140-B111-135B3544DDC4}.Release|x64.Build.0 = Release|x64
		{DD3DE84E-B743-4140-B111-135B3544DDC4}.Release|x86.ActiveCfg = Release|Win32
		{DD3DE84E-B743-4140-B111-135B3544DDC4}.Release|x86.Build.0 = Release|Win32
		{E51E3CC6-F9CF-4203-93D0-F0E14D1947E2}.Debug|x64.ActiveCfg = Debug|x64
		{E51E3CC6-F9CF-4203-93D0-F0E14D1947E2}.Debug|x64.Build.0 = Debug|x64
		{E51E3CC6-F9CF-4203-93D0-F0E14D1947E2}.Debug|x86.ActiveCfg = Debug|Win32
		{E51E3CC6-F9CF-4203-93D0-F0E14D1947E2}.Debug|x86.Build.0 = Debug|Win32
		{E51E3CC6-F9CF-4203-93D0-F0E14D1947E2}.Release|x64.ActiveCfg = Release|x64
		{E51E3CC6-F9CF-4203-93D0-F0E14D1947E2}.Release|x64.Build.0 = Release|x64
		{E51E3CC6-F9CF-4203-93D0-F0E14D1947E2}.Release|x86.ActiveCfg = Release|Win32
		{E51E3CC6-F9CF-4203-93D0-F0E14D1947E2}.Release|x86.Build.0 = Release|Win32
		{7DBD8397-323E-4E7E-8C92-B3084AB73B7A}.Debug|x64.ActiveCfg = Debug|x64
		{7DBD8397-323E-4E7E-8C92-B3084AB73B7A}.Debug|x64.Build.0 = Debug|x64
		{7DBD8397-323E-4E7E-8C92-B3084AB73B7A}.Debug|x86.ActiveCfg = Debug|Win32
		{7DBD8397-323E-4E7E-8C92-B3084AB73B7A}.Debug|x86.Build.0 = Debug|Win32
		{7DBD8397-323E-4E7E-8C92-B3084AB73B7A}.Release|x64.ActiveCfg = Release|x64
		{7DBD8397-323E-4E7E-8C92-B3084AB73B7A}.Release|x64.Build.0 = Release|x64
		{7DBD8397-323E-4E7E-8C92-B3084AB73B7A}.Release|x86.ActiveCfg = Release|Win32
		{7DBD8397-323E-4E7E-8C92-B3084AB73B7A}.Release|x86.Build.0 = Release|Win32
		{D0CAB34E-8D28-4BC3-B426-F3D0A88FDF2B}.Debug|x64.ActiveCfg = Debug|x64
		{D0CAB34E-8D28-4BC3-B426-F3D0A88FDF2B}.Debug|x64.Build.0 = Debug|x64
		{D0CAB34E-8D28-4BC3-B426-F3D0A88FDF2B}.Debug|x86.ActiveCfg = Debug|Win32
		{D0CAB34E-8D28-4BC3-B426-F3D0A88FDF2B}.Debug|x86.Build.0 = Debug|Win32
		{D0CAB34E-8D28-4BC3-B426-F3D0A88FDF2B}.Release|x64.ActiveCfg = Release|x64
		{D0CAB34E-8D28-4BC3-B426-F3D0A88FDF2B}.Release|x64.Build.0 = Release|x64
		{D0CAB34E-8D28-4BC3-B426-F3D0A88FDF2B}.Release|x86.ActiveCfg = Release|Win32
		{D0CAB34E-8D28-4BC3-B426-F3D0A88FDF2B}.Release|x86.Build.0 = Release|Win32
		{022F9A0E-BD69-46D4-9370-88A6F8A86C30}.Debug|x64.ActiveCfg = Debug|x64
		{022F9A0E-BD69-46D4-9370-88A6F8A86C30}.Debug|x64.Build.0 = Debug|x64
		{022F9A0E-BD69-46D4-9370-88A6F8A86C30}.Debug|x86.ActiveCfg = Debug|Win32
		{022F9A0E-BD69-46D4-9370-88A6F8A86C30}.Debug|x86.Build.0 = Debug|Win32
		{022F9A0E-BD69-46D4-9370-88A6F8A86C30}.Release|x64.ActiveCfg = Release|x64
		{022F9A0E-BD69-46D4-9370-88A6F8A86C30}.Release|x64.Build.0 = Release|x64
		{022F9A0E-BD69-46D4-9370-88A6F8A86C30}.Release|x86.ActiveCfg = Release|Win32
		{022F9A0E-BD69-46D4-9370-88A6F8A86C30}.Release|x86.Build.0 = Release|Win32
		{DA2E1262-416A-4073-B51C-37839F040223}.Debug|x64.ActiveCfg = Debug|x64
		{DA2E1262-416A-4073-B51C-37839F040223}.Debug|x64.Build.0 = Debug|x64
		{DA2E1262-416A-4073-B51C-37839F040223}.Debug|x86.ActiveCfg = Debug|Win32
		{DA2E1262-416A-4073-B51C-37839F040223}.Debug|x86.Build.0 = Debug|Win32
		{DA2E1262-416A-4073-B51C-37839F040223}.Release|x64.ActiveCfg = Release|x64
		{DA2E1262-416A-4073-B51C-37839F040223}.Release|x64.Build.0 = Release|x64
		{DA2E1262-416A-4073-B51C-37839F040223}.Release|x86.ActiveCfg = Release|Win32
		{DA2E1262-416A-4073-B51C-37839F040223}.Release|x86.Build.0 = Release|Win32
		{A612B7C2-2367-4F7A-B345-EA012A74463F}.Debug|x64.ActiveCfg = Debug|x64
		{A612B7C2-2367-4F7A-B345-EA012A74463F}.Debug|x64.Build.0 = Debug|x64
		{A612B7C2-2367-4F7A-B345-EA012A74463F}.Debug|x86.ActiveCfg = Debug|Win32
		{A612B7C2-2367-4F7A-B345-EA012A74463F}.Debug|x86.Build.0 = Debug|Win32
		{A612B7C2-2367-4F7A-B345-EA012A74463F}.Release|x64.ActiveCfg = Release|x64
		{A612B7C2-2367-4F7A-B345-EA012A74463F}.Release|x64.Build.0 = Release|x64
		{A612B7C2-2367-4F7A-B345-EA012A74463F}.Release|x86.ActiveCfg = Release|Win32
		{A612B7C2-2367-4F7A-B345-EA012A74463F}.Release|x86.Build.0 = Release|Win32
		{0E648C7C-7523-486B-92BF-4B8B33ABB54C}.Debug|x64.ActiveCfg = Debug|x64
		{0E648C7C-7523-486B-92BF-4B8B33ABB54C}.Debug|x64.Build.0 = Debug|x64
		{0E648C7C-7523-486B-92BF-4B8B33ABB54C}.Debug|x86.ActiveCfg = Debug|Win32
		{0E648C7C-7523-486B-92BF-4B8B33ABB54C}.Debug|x86.Build.0 = Debug|Win32
		{0E648C7C-7523-486B-92BF-4B8B33ABB54C}.Release|x64.ActiveCfg = Release|x64
		{0E648C7C-7523-486B-92BF-4B8B33ABB54C}.Release|x64.Build.0 = Release|x64
		{0E648C7C-7523-486B-92BF-4B8B33ABB54C}.Release|x86.ActiveCfg = Release|Win32
		{0E648C7C-7523-486B-92BF-4B8B33ABB54C}.Release|x86.Build.0 = Release|Win32
		{6ECDF767-3530-415F-B3E4-25F9361A1130}.Debug|x64.ActiveCfg = Debug|x64
		{6ECDF767-3530-415F-B3E4-25F9361A1130}.Debug|x64.Build.0 = Debug|x64
		{6ECDF767-3530-415F-B3E4-25F9361A1130}.Debug|x86.ActiveCfg = Debug|Win32
		{6ECDF767-3530-415F-B3E4-25F9361A1130}.Debug|x86.Build.0 = Debug|Win32
		{6ECDF767-3530-415F-B3E4-25F9361A1130}.Release|x64.ActiveCfg = Release|x64
		{6ECDF767-3530-415F-B3E4-25F9361A1130}.Release|x64.Build.0 = Release|x64
		{6ECDF767-3530-415F-B3E4-25F9361A1130}.Release|x86.ActiveCfg = Release|Win32
		{6ECDF767-3530-415F-B3E4-25F9361A1130}.Release|x86.Build.0 = Release|Win32
		{511B527F-1856-499D-B602-A9AA7D0CFD3A}.Debug|x64.ActiveCfg = Debug|x64
		{511B527F-1856-499D-B602-A9AA7D0CFD3A}.Debug|x64.Build.0 = Debug|x64
		{511B527F-1856-499D-B602-A9AA7D0CFD3A}.Debug|x86.ActiveCfg = Debug|Win32
		{511B527F-1856-499D-B602-A9AA7D0CFD3A}.Debug|x86.Build.0 = Debug|Win32
		{511B527F-1856-499D-B602-A9AA7D0CFD3A}.Release|x64.ActiveCfg = Release|x64
		{511B527F-1856-499D-B602-A9AA7D0CFD3A}.Release|x64.Build.0 = Release|x64
		{511B527F-1856-499D-B602-A9AA7D0CFD3A}.Release|x86.ActiveCfg = Release|Win32
		{511B527F-1856-499D-B602-A9AA7D0CFD3A}.Release|x86.Build.0 = Release|Win32
	EndGlobalSection
	GlobalSection(SolutionProperties) = preSolution
		HideSolutionNode = FALSE
	EndGlobalSection
EndGlobal
