
Microsoft Visual Studio Solution File, Format Version 12.00
# Visual Studio 14
VisualStudioVersion = 14.0.25123.0
MinimumVisualStudioVersion = 10.0.40219.1
Project("{8BC9CEB8-8B4A-11D0-8D11-00A0C91BC942}") = "01 - HeapStack", "HeapStack\HeapStack.vcxproj", "{A85D359B-056D-41B4-9D06-CCB1FC62D475}"
EndProject
Project("{8BC9CEB8-8B4A-11D0-8D11-00A0C91BC942}") = "02 - Pointer Arithmetic", "02 - Pointer Arithmetic\02 - Pointer Arithmetic.vcxproj", "{344C5B10-D66B-4318-A0BA-16EAE8B4A8E2}"
EndProject
Project("{8BC9CEB8-8B4A-11D0-8D11-00A0C91BC942}") = "References", "References\References.vcxproj", "{8BFA053B-504F-4B1F-BB3C-BFE266658BCA}"
EndProject
Global
	GlobalSection(SolutionConfigurationPlatforms) = preSolution
		Debug|x64 = Debug|x64
		Debug|x86 = Debug|x86
		Release|x64 = Release|x64
		Release|x86 = Release|x86
	EndGlobalSection
	GlobalSection(ProjectConfigurationPlatforms) = postSolution
		{A85D359B-056D-41B4-9D06-CCB1FC62D475}.Debug|x64.ActiveCfg = Debug|x64
		{A85D359B-056D-41B4-9D06-CCB1FC62D475}.Debug|x64.Build.0 = Debug|x64
		{A85D359B-056D-41B4-9D06-CCB1FC62D475}.Debug|x86.ActiveCfg = Debug|Win32
		{A85D359B-056D-41B4-9D06-CCB1FC62D475}.Debug|x86.Build.0 = Debug|Win32
		{A85D359B-056D-41B4-9D06-CCB1FC62D475}.Release|x64.ActiveCfg = Release|x64
		{A85D359B-056D-41B4-9D06-CCB1FC62D475}.Release|x64.Build.0 = Release|x64
		{A85D359B-056D-41B4-9D06-CCB1FC62D475}.Release|x86.ActiveCfg = Release|Win32
		{A85D359B-056D-41B4-9D06-CCB1FC62D475}.Release|x86.Build.0 = Release|Win32
		{344C5B10-D66B-4318-A0BA-16EAE8B4A8E2}.Debug|x64.ActiveCfg = Debug|x64
		{344C5B10-D66B-4318-A0BA-16EAE8B4A8E2}.Debug|x64.Build.0 = Debug|x64
		{344C5B10-D66B-4318-A0BA-16EAE8B4A8E2}.Debug|x86.ActiveCfg = Debug|Win32
		{344C5B10-D66B-4318-A0BA-16EAE8B4A8E2}.Debug|x86.Build.0 = Debug|Win32
		{344C5B10-D66B-4318-A0BA-16EAE8B4A8E2}.Release|x64.ActiveCfg = Release|x64
		{344C5B10-D66B-4318-A0BA-16EAE8B4A8E2}.Release|x64.Build.0 = Release|x64
		{344C5B10-D66B-4318-A0BA-16EAE8B4A8E2}.Release|x86.ActiveCfg = Release|Win32
		{344C5B10-D66B-4318-A0BA-16EAE8B4A8E2}.Release|x86.Build.0 = Release|Win32
		{8BFA053B-504F-4B1F-BB3C-BFE266658BCA}.Debug|x64.ActiveCfg = Debug|x64
		{8BFA053B-504F-4B1F-BB3C-BFE266658BCA}.Debug|x64.Build.0 = Debug|x64
		{8BFA053B-504F-4B1F-BB3C-BFE266658BCA}.Debug|x86.ActiveCfg = Debug|Win32
		{8BFA053B-504F-4B1F-BB3C-BFE266658BCA}.Debug|x86.Build.0 = Debug|Win32
		{8BFA053B-504F-4B1F-BB3C-BFE266658BCA}.Release|x64.ActiveCfg = Release|x64
		{8BFA053B-504F-4B1F-BB3C-BFE266658BCA}.Release|x64.Build.0 = Release|x64
		{8BFA053B-504F-4B1F-BB3C-BFE266658BCA}.Release|x86.ActiveCfg = Release|Win32
		{8BFA053B-504F-4B1F-BB3C-BFE266658BCA}.Release|x86.Build.0 = Release|Win32
	EndGlobalSection
	GlobalSection(SolutionProperties) = preSolution
		HideSolutionNode = FALSE
	EndGlobalSection
EndGlobal
